{
  "object": {
    "pins": [
      {
        "package": "CreditKit",
        "repositoryURL": "/Users/arvind/Lab/techtasks/ClearScore/CreditKit",
        "state": {
          "branch": "main",
          "revision": "fbfdb55140705ec15a60844105c17db746a83a13",
          "version": null
        }
      }
    ]
  },
  "version": 1
}
