{
  "object": {
    "pins": [
      {
        "package": "CreditKit",
        "repositoryURL": "/Users/arvind/Lab/techtasks/ClearScore/CreditKit",
        "state": {
          "branch": "main",
          "revision": "2db3d64c7af20fa90abbde3a02342c4526a81632",
          "version": null
        }
      }
    ]
  },
  "version": 1
}
