{
  "object": {
    "pins": [
      {
        "package": "CreditKit",
        "repositoryURL": "https://github.com/arvindravi/CreditKit.git",
        "state": {
          "branch": "main",
          "revision": "b196df2a319b6b43d42f38d9c5e7cff8c5863058",
          "version": null
        }
      }
    ]
  },
  "version": 1
}
